// !$*UTF8*$!
{
	archiveVersion = 1;
	classes = {
	};
	objectVersion = 56;
	objects = {

/* Begin PBXBuildFile section */
		F622419F2C616EA6001A4441 /* ToDoListApp.swift in Sources */ = {isa = PBXBuildFile; fileRef = F622419E2C616EA6001A4441 /* ToDoListApp.swift */; };
		F62241A12C616EA6001A4441 /* ContentView.swift in Sources */ = {isa = PBXBuildFile; fileRef = F62241A02C616EA6001A4441 /* ContentView.swift */; };
		F62241A32C616EA7001A4441 /* Assets.xcassets in Resources */ = {isa = PBXBuildFile; fileRef = F62241A22C616EA7001A4441 /* Assets.xcassets */; };
		F62241A62C616EA7001A4441 /* Preview Assets.xcassets in Resources */ = {isa = PBXBuildFile; fileRef = F62241A52C616EA7001A4441 /* Preview Assets.xcassets */; };
		F62241B02C616EA7001A4441 /* ToDoListTests.swift in Sources */ = {isa = PBXBuildFile; fileRef = F62241AF2C616EA7001A4441 /* ToDoListTests.swift */; };
		F62241BA2C616EA7001A4441 /* ToDoListUITests.swift in Sources */ = {isa = PBXBuildFile; fileRef = F62241B92C616EA7001A4441 /* ToDoListUITests.swift */; };
		F62241BC2C616EA7001A4441 /* ToDoListUITestsLaunchTests.swift in Sources */ = {isa = PBXBuildFile; fileRef = F62241BB2C616EA7001A4441 /* ToDoListUITestsLaunchTests.swift */; };
		F62241CD2C6174DF001A4441 /* HomeView.swift in Sources */ = {isa = PBXBuildFile; fileRef = F62241CC2C6174DF001A4441 /* HomeView.swift */; };
		F62241CF2C617867001A4441 /* ListView.swift in Sources */ = {isa = PBXBuildFile; fileRef = F62241CE2C617867001A4441 /* ListView.swift */; };
		F62241D12C617B20001A4441 /* Item.swift in Sources */ = {isa = PBXBuildFile; fileRef = F62241D02C617B20001A4441 /* Item.swift */; };
		F62241D32C619170001A4441 /* ListItemView.swift in Sources */ = {isa = PBXBuildFile; fileRef = F62241D22C619170001A4441 /* ListItemView.swift */; };
		F62241D52C61992A001A4441 /* Extensions.swift in Sources */ = {isa = PBXBuildFile; fileRef = F62241D42C61992A001A4441 /* Extensions.swift */; };
		F62241D72C61D49B001A4441 /* NavPath.swift in Sources */ = {isa = PBXBuildFile; fileRef = F62241D62C61D49B001A4441 /* NavPath.swift */; };
		F62241D92C61E69D001A4441 /* NewItemView.swift in Sources */ = {isa = PBXBuildFile; fileRef = F62241D82C61E69D001A4441 /* NewItemView.swift */; };
		F62241DB2C61E6F6001A4441 /* ItemDetailsView.swift in Sources */ = {isa = PBXBuildFile; fileRef = F62241DA2C61E6F6001A4441 /* ItemDetailsView.swift */; };
		F6232CD42C62A1A300C1F60D /* LoginVM.swift in Sources */ = {isa = PBXBuildFile; fileRef = F6232CD32C62A1A300C1F60D /* LoginVM.swift */; };
		F6232CD62C62B9B800C1F60D /* LoginManager.swift in Sources */ = {isa = PBXBuildFile; fileRef = F6232CD52C62B9B800C1F60D /* LoginManager.swift */; };
		F6232CD82C62BBF000C1F60D /* GoogleService-Info.plist in Resources */ = {isa = PBXBuildFile; fileRef = F6232CD72C62BBEF00C1F60D /* GoogleService-Info.plist */; };
		F6232CDB2C62BCE200C1F60D /* FirebaseAuth in Frameworks */ = {isa = PBXBuildFile; productRef = F6232CDA2C62BCE200C1F60D /* FirebaseAuth */; };
		F6232CDD2C62BCE200C1F60D /* FirebaseFirestore in Frameworks */ = {isa = PBXBuildFile; productRef = F6232CDC2C62BCE200C1F60D /* FirebaseFirestore */; };
		F6232CE12C64384900C1F60D /* ItemsManager.swift in Sources */ = {isa = PBXBuildFile; fileRef = F6232CE02C64384900C1F60D /* ItemsManager.swift */; };
		F6D5CB9A2C62818300F363AD /* LoginTitleView.swift in Sources */ = {isa = PBXBuildFile; fileRef = F6D5CB992C62818300F363AD /* LoginTitleView.swift */; };
		F6D5CB9C2C6284DC00F363AD /* LoginFields.swift in Sources */ = {isa = PBXBuildFile; fileRef = F6D5CB9B2C6284DC00F363AD /* LoginFields.swift */; };
		F6D5CB9E2C62858B00F363AD /* EmailTextField.swift in Sources */ = {isa = PBXBuildFile; fileRef = F6D5CB9D2C62858B00F363AD /* EmailTextField.swift */; };
		F6D5CBA02C62886400F363AD /* PasswordField.swift in Sources */ = {isa = PBXBuildFile; fileRef = F6D5CB9F2C62886400F363AD /* PasswordField.swift */; };
		F6D5CBA22C628D2A00F363AD /* LoginButton.swift in Sources */ = {isa = PBXBuildFile; fileRef = F6D5CBA12C628D2A00F363AD /* LoginButton.swift */; };
		F6D5CBA42C6297B800F363AD /* TogglePromptView.swift in Sources */ = {isa = PBXBuildFile; fileRef = F6D5CBA32C6297B800F363AD /* TogglePromptView.swift */; };
		F6D5CBA62C629A6500F363AD /* SignUpFields.swift in Sources */ = {isa = PBXBuildFile; fileRef = F6D5CBA52C629A6500F363AD /* SignUpFields.swift */; };
		F6D5CBA82C629ADD00F363AD /* KeyboardView.swift in Sources */ = {isa = PBXBuildFile; fileRef = F6D5CBA72C629ADD00F363AD /* KeyboardView.swift */; };
		F6EC3B6A2C61E95B001162B1 /* ListVM.swift in Sources */ = {isa = PBXBuildFile; fileRef = F6EC3B692C61E95B001162B1 /* ListVM.swift */; };
		F6EC3B6C2C61ED07001162B1 /* StatusMenu.swift in Sources */ = {isa = PBXBuildFile; fileRef = F6EC3B6B2C61ED07001162B1 /* StatusMenu.swift */; };
		F6EC3B6E2C61ED77001162B1 /* TitledTextField.swift in Sources */ = {isa = PBXBuildFile; fileRef = F6EC3B6D2C61ED77001162B1 /* TitledTextField.swift */; };
		F6EC3B702C61F1A3001162B1 /* PriorityMenu.swift in Sources */ = {isa = PBXBuildFile; fileRef = F6EC3B6F2C61F1A3001162B1 /* PriorityMenu.swift */; };
		F6EC3B722C61F4B6001162B1 /* CTAButton.swift in Sources */ = {isa = PBXBuildFile; fileRef = F6EC3B712C61F4B6001162B1 /* CTAButton.swift */; };
		F6EC3B762C627EF5001162B1 /* LoginView.swift in Sources */ = {isa = PBXBuildFile; fileRef = F6EC3B752C627EF5001162B1 /* LoginView.swift */; };
/* End PBXBuildFile section */

/* Begin PBXContainerItemProxy section */
		F62241AC2C616EA7001A4441 /* PBXContainerItemProxy */ = {
			isa = PBXContainerItemProxy;
			containerPortal = F62241932C616EA6001A4441 /* Project object */;
			proxyType = 1;
			remoteGlobalIDString = F622419A2C616EA6001A4441;
			remoteInfo = ToDoList;
		};
		F62241B62C616EA7001A4441 /* PBXContainerItemProxy */ = {
			isa = PBXContainerItemProxy;
			containerPortal = F62241932C616EA6001A4441 /* Project object */;
			proxyType = 1;
			remoteGlobalIDString = F622419A2C616EA6001A4441;
			remoteInfo = ToDoList;
		};
/* End PBXContainerItemProxy section */

/* Begin PBXFileReference section */
		F622419B2C616EA6001A4441 /* ToDoList.app */ = {isa = PBXFileReference; explicitFileType = wrapper.application; includeInIndex = 0; path = ToDoList.app; sourceTree = BUILT_PRODUCTS_DIR; };
		F622419E2C616EA6001A4441 /* ToDoListApp.swift */ = {isa = PBXFileReference; lastKnownFileType = sourcecode.swift; path = ToDoListApp.swift; sourceTree = "<group>"; };
		F62241A02C616EA6001A4441 /* ContentView.swift */ = {isa = PBXFileReference; lastKnownFileType = sourcecode.swift; path = ContentView.swift; sourceTree = "<group>"; };
		F62241A22C616EA7001A4441 /* Assets.xcassets */ = {isa = PBXFileReference; lastKnownFileType = folder.assetcatalog; path = Assets.xcassets; sourceTree = "<group>"; };
		F62241A52C616EA7001A4441 /* Preview Assets.xcassets */ = {isa = PBXFileReference; lastKnownFileType = folder.assetcatalog; path = "Preview Assets.xcassets"; sourceTree = "<group>"; };
		F62241AB2C616EA7001A4441 /* ToDoListTests.xctest */ = {isa = PBXFileReference; explicitFileType = wrapper.cfbundle; includeInIndex = 0; path = ToDoListTests.xctest; sourceTree = BUILT_PRODUCTS_DIR; };
		F62241AF2C616EA7001A4441 /* ToDoListTests.swift */ = {isa = PBXFileReference; lastKnownFileType = sourcecode.swift; path = ToDoListTests.swift; sourceTree = "<group>"; };
		F62241B52C616EA7001A4441 /* ToDoListUITests.xctest */ = {isa = PBXFileReference; explicitFileType = wrapper.cfbundle; includeInIndex = 0; path = ToDoListUITests.xctest; sourceTree = BUILT_PRODUCTS_DIR; };
		F62241B92C616EA7001A4441 /* ToDoListUITests.swift */ = {isa = PBXFileReference; lastKnownFileType = sourcecode.swift; path = ToDoListUITests.swift; sourceTree = "<group>"; };
		F62241BB2C616EA7001A4441 /* ToDoListUITestsLaunchTests.swift */ = {isa = PBXFileReference; lastKnownFileType = sourcecode.swift; path = ToDoListUITestsLaunchTests.swift; sourceTree = "<group>"; };
		F62241CC2C6174DF001A4441 /* HomeView.swift */ = {isa = PBXFileReference; lastKnownFileType = sourcecode.swift; path = HomeView.swift; sourceTree = "<group>"; };
		F62241CE2C617867001A4441 /* ListView.swift */ = {isa = PBXFileReference; lastKnownFileType = sourcecode.swift; path = ListView.swift; sourceTree = "<group>"; };
		F62241D02C617B20001A4441 /* Item.swift */ = {isa = PBXFileReference; lastKnownFileType = sourcecode.swift; path = Item.swift; sourceTree = "<group>"; };
		F62241D22C619170001A4441 /* ListItemView.swift */ = {isa = PBXFileReference; lastKnownFileType = sourcecode.swift; path = ListItemView.swift; sourceTree = "<group>"; };
		F62241D42C61992A001A4441 /* Extensions.swift */ = {isa = PBXFileReference; lastKnownFileType = sourcecode.swift; path = Extensions.swift; sourceTree = "<group>"; };
		F62241D62C61D49B001A4441 /* NavPath.swift */ = {isa = PBXFileReference; lastKnownFileType = sourcecode.swift; path = NavPath.swift; sourceTree = "<group>"; };
		F62241D82C61E69D001A4441 /* NewItemView.swift */ = {isa = PBXFileReference; lastKnownFileType = sourcecode.swift; path = NewItemView.swift; sourceTree = "<group>"; };
		F62241DA2C61E6F6001A4441 /* ItemDetailsView.swift */ = {isa = PBXFileReference; lastKnownFileType = sourcecode.swift; path = ItemDetailsView.swift; sourceTree = "<group>"; };
		F6232CD32C62A1A300C1F60D /* LoginVM.swift */ = {isa = PBXFileReference; lastKnownFileType = sourcecode.swift; path = LoginVM.swift; sourceTree = "<group>"; };
		F6232CD52C62B9B800C1F60D /* LoginManager.swift */ = {isa = PBXFileReference; lastKnownFileType = sourcecode.swift; path = LoginManager.swift; sourceTree = "<group>"; };
		F6232CD72C62BBEF00C1F60D /* GoogleService-Info.plist */ = {isa = PBXFileReference; fileEncoding = 4; lastKnownFileType = text.plist.xml; path = "GoogleService-Info.plist"; sourceTree = "<group>"; };
		F6232CE02C64384900C1F60D /* ItemsManager.swift */ = {isa = PBXFileReference; lastKnownFileType = sourcecode.swift; path = ItemsManager.swift; sourceTree = SOURCE_ROOT; };
		F6D5CB992C62818300F363AD /* LoginTitleView.swift */ = {isa = PBXFileReference; lastKnownFileType = sourcecode.swift; path = LoginTitleView.swift; sourceTree = "<group>"; };
		F6D5CB9B2C6284DC00F363AD /* LoginFields.swift */ = {isa = PBXFileReference; lastKnownFileType = sourcecode.swift; path = LoginFields.swift; sourceTree = "<group>"; };
		F6D5CB9D2C62858B00F363AD /* EmailTextField.swift */ = {isa = PBXFileReference; lastKnownFileType = sourcecode.swift; path = EmailTextField.swift; sourceTree = "<group>"; };
		F6D5CB9F2C62886400F363AD /* PasswordField.swift */ = {isa = PBXFileReference; lastKnownFileType = sourcecode.swift; path = PasswordField.swift; sourceTree = "<group>"; };
		F6D5CBA12C628D2A00F363AD /* LoginButton.swift */ = {isa = PBXFileReference; lastKnownFileType = sourcecode.swift; path = LoginButton.swift; sourceTree = "<group>"; };
		F6D5CBA32C6297B800F363AD /* TogglePromptView.swift */ = {isa = PBXFileReference; lastKnownFileType = sourcecode.swift; path = TogglePromptView.swift; sourceTree = "<group>"; };
		F6D5CBA52C629A6500F363AD /* SignUpFields.swift */ = {isa = PBXFileReference; lastKnownFileType = sourcecode.swift; path = SignUpFields.swift; sourceTree = "<group>"; };
		F6D5CBA72C629ADD00F363AD /* KeyboardView.swift */ = {isa = PBXFileReference; lastKnownFileType = sourcecode.swift; path = KeyboardView.swift; sourceTree = "<group>"; };
		F6EC3B692C61E95B001162B1 /* ListVM.swift */ = {isa = PBXFileReference; lastKnownFileType = sourcecode.swift; path = ListVM.swift; sourceTree = "<group>"; };
		F6EC3B6B2C61ED07001162B1 /* StatusMenu.swift */ = {isa = PBXFileReference; lastKnownFileType = sourcecode.swift; path = StatusMenu.swift; sourceTree = "<group>"; };
		F6EC3B6D2C61ED77001162B1 /* TitledTextField.swift */ = {isa = PBXFileReference; lastKnownFileType = sourcecode.swift; path = TitledTextField.swift; sourceTree = "<group>"; };
		F6EC3B6F2C61F1A3001162B1 /* PriorityMenu.swift */ = {isa = PBXFileReference; lastKnownFileType = sourcecode.swift; path = PriorityMenu.swift; sourceTree = "<group>"; };
		F6EC3B712C61F4B6001162B1 /* CTAButton.swift */ = {isa = PBXFileReference; lastKnownFileType = sourcecode.swift; path = CTAButton.swift; sourceTree = "<group>"; };
		F6EC3B752C627EF5001162B1 /* LoginView.swift */ = {isa = PBXFileReference; lastKnownFileType = sourcecode.swift; path = LoginView.swift; sourceTree = "<group>"; };
/* End PBXFileReference section */

/* Begin PBXFrameworksBuildPhase section */
		F62241982C616EA6001A4441 /* Frameworks */ = {
			isa = PBXFrameworksBuildPhase;
			buildActionMask = 2147483647;
			files = (
				F6232CDB2C62BCE200C1F60D /* FirebaseAuth in Frameworks */,
				F6232CDD2C62BCE200C1F60D /* FirebaseFirestore in Frameworks */,
			);
			runOnlyForDeploymentPostprocessing = 0;
		};
		F62241A82C616EA7001A4441 /* Frameworks */ = {
			isa = PBXFrameworksBuildPhase;
			buildActionMask = 2147483647;
			files = (
			);
			runOnlyForDeploymentPostprocessing = 0;
		};
		F62241B22C616EA7001A4441 /* Frameworks */ = {
			isa = PBXFrameworksBuildPhase;
			buildActionMask = 2147483647;
			files = (
			);
			runOnlyForDeploymentPostprocessing = 0;
		};
/* End PBXFrameworksBuildPhase section */

/* Begin PBXGroup section */
		F62241922C616EA6001A4441 = {
			isa = PBXGroup;
			children = (
				F622419D2C616EA6001A4441 /* ToDoList */,
				F62241AE2C616EA7001A4441 /* ToDoListTests */,
				F62241B82C616EA7001A4441 /* ToDoListUITests */,
				F622419C2C616EA6001A4441 /* Products */,
			);
			sourceTree = "<group>";
		};
		F622419C2C616EA6001A4441 /* Products */ = {
			isa = PBXGroup;
			children = (
				F622419B2C616EA6001A4441 /* ToDoList.app */,
				F62241AB2C616EA7001A4441 /* ToDoListTests.xctest */,
				F62241B52C616EA7001A4441 /* ToDoListUITests.xctest */,
			);
			name = Products;
			sourceTree = "<group>";
		};
		F622419D2C616EA6001A4441 /* ToDoList */ = {
			isa = PBXGroup;
			children = (
				F62241A42C616EA7001A4441 /* Preview Content */,
				F62241A22C616EA7001A4441 /* Assets.xcassets */,
				F6232CD72C62BBEF00C1F60D /* GoogleService-Info.plist */,
				F62241CB2C61712B001A4441 /* App */,
				F62241C82C617116001A4441 /* Models */,
				F62241C92C61711E001A4441 /* Views */,
				F62241CA2C617124001A4441 /* ViewModels */,
			);
			path = ToDoList;
			sourceTree = "<group>";
		};
		F62241A42C616EA7001A4441 /* Preview Content */ = {
			isa = PBXGroup;
			children = (
				F62241A52C616EA7001A4441 /* Preview Assets.xcassets */,
			);
			path = "Preview Content";
			sourceTree = "<group>";
		};
		F62241AE2C616EA7001A4441 /* ToDoListTests */ = {
			isa = PBXGroup;
			children = (
				F62241AF2C616EA7001A4441 /* ToDoListTests.swift */,
			);
			path = ToDoListTests;
			sourceTree = "<group>";
		};
		F62241B82C616EA7001A4441 /* ToDoListUITests */ = {
			isa = PBXGroup;
			children = (
				F62241B92C616EA7001A4441 /* ToDoListUITests.swift */,
				F62241BB2C616EA7001A4441 /* ToDoListUITestsLaunchTests.swift */,
			);
			path = ToDoListUITests;
			sourceTree = "<group>";
		};
		F62241C82C617116001A4441 /* Models */ = {
			isa = PBXGroup;
			children = (
				F62241D02C617B20001A4441 /* Item.swift */,
			);
			path = Models;
			sourceTree = "<group>";
		};
		F62241C92C61711E001A4441 /* Views */ = {
			isa = PBXGroup;
			children = (
				F6EC3B742C627E71001162B1 /* Login */,
				F6EC3B732C627E4D001162B1 /* ToDo */,
			);
			path = Views;
			sourceTree = "<group>";
		};
		F62241CA2C617124001A4441 /* ViewModels */ = {
			isa = PBXGroup;
			children = (
				F62241D62C61D49B001A4441 /* NavPath.swift */,
				F6EC3B692C61E95B001162B1 /* ListVM.swift */,
				F6232CD32C62A1A300C1F60D /* LoginVM.swift */,
			);
			path = ViewModels;
			sourceTree = "<group>";
		};
		F62241CB2C61712B001A4441 /* App */ = {
			isa = PBXGroup;
			children = (
				F622419E2C616EA6001A4441 /* ToDoListApp.swift */,
				F62241A02C616EA6001A4441 /* ContentView.swift */,
				F62241D42C61992A001A4441 /* Extensions.swift */,
				F6232CD52C62B9B800C1F60D /* LoginManager.swift */,
				F6232CE02C64384900C1F60D /* ItemsManager.swift */,
			);
			path = App;
			sourceTree = "<group>";
		};
		F6EC3B732C627E4D001162B1 /* ToDo */ = {
			isa = PBXGroup;
			children = (
				F62241CC2C6174DF001A4441 /* HomeView.swift */,
				F62241CE2C617867001A4441 /* ListView.swift */,
				F62241D22C619170001A4441 /* ListItemView.swift */,
				F62241D82C61E69D001A4441 /* NewItemView.swift */,
				F62241DA2C61E6F6001A4441 /* ItemDetailsView.swift */,
				F6EC3B6D2C61ED77001162B1 /* TitledTextField.swift */,
				F6EC3B6B2C61ED07001162B1 /* StatusMenu.swift */,
				F6EC3B6F2C61F1A3001162B1 /* PriorityMenu.swift */,
				F6EC3B712C61F4B6001162B1 /* CTAButton.swift */,
			);
			path = ToDo;
			sourceTree = "<group>";
		};
		F6EC3B742C627E71001162B1 /* Login */ = {
			isa = PBXGroup;
			children = (
				F6EC3B752C627EF5001162B1 /* LoginView.swift */,
				F6D5CB992C62818300F363AD /* LoginTitleView.swift */,
				F6D5CB9B2C6284DC00F363AD /* LoginFields.swift */,
				F6D5CBA12C628D2A00F363AD /* LoginButton.swift */,
				F6D5CB9D2C62858B00F363AD /* EmailTextField.swift */,
				F6D5CB9F2C62886400F363AD /* PasswordField.swift */,
				F6D5CBA32C6297B800F363AD /* TogglePromptView.swift */,
				F6D5CBA52C629A6500F363AD /* SignUpFields.swift */,
				F6D5CBA72C629ADD00F363AD /* KeyboardView.swift */,
			);
			path = Login;
			sourceTree = "<group>";
		};
/* End PBXGroup section */

/* Begin PBXNativeTarget section */
		F622419A2C616EA6001A4441 /* ToDoList */ = {
			isa = PBXNativeTarget;
			buildConfigurationList = F62241BF2C616EA7001A4441 /* Build configuration list for PBXNativeTarget "ToDoList" */;
			buildPhases = (
				F62241972C616EA6001A4441 /* Sources */,
				F62241982C616EA6001A4441 /* Frameworks */,
				F62241992C616EA6001A4441 /* Resources */,
			);
			buildRules = (
			);
			dependencies = (
			);
			name = ToDoList;
			packageProductDependencies = (
				F6232CDA2C62BCE200C1F60D /* FirebaseAuth */,
				F6232CDC2C62BCE200C1F60D /* FirebaseFirestore */,
			);
			productName = ToDoList;
			productReference = F622419B2C616EA6001A4441 /* ToDoList.app */;
			productType = "com.apple.product-type.application";
		};
		F62241AA2C616EA7001A4441 /* ToDoListTests */ = {
			isa = PBXNativeTarget;
			buildConfigurationList = F62241C22C616EA7001A4441 /* Build configuration list for PBXNativeTarget "ToDoListTests" */;
			buildPhases = (
				F62241A72C616EA7001A4441 /* Sources */,
				F62241A82C616EA7001A4441 /* Frameworks */,
				F62241A92C616EA7001A4441 /* Resources */,
			);
			buildRules = (
			);
			dependencies = (
				F62241AD2C616EA7001A4441 /* PBXTargetDependency */,
			);
			name = ToDoListTests;
			productName = ToDoListTests;
			productReference = F62241AB2C616EA7001A4441 /* ToDoListTests.xctest */;
			productType = "com.apple.product-type.bundle.unit-test";
		};
		F62241B42C616EA7001A4441 /* ToDoListUITests */ = {
			isa = PBXNativeTarget;
			buildConfigurationList = F62241C52C616EA7001A4441 /* Build configuration list for PBXNativeTarget "ToDoListUITests" */;
			buildPhases = (
				F62241B12C616EA7001A4441 /* Sources */,
				F62241B22C616EA7001A4441 /* Frameworks */,
				F62241B32C616EA7001A4441 /* Resources */,
			);
			buildRules = (
			);
			dependencies = (
				F62241B72C616EA7001A4441 /* PBXTargetDependency */,
			);
			name = ToDoListUITests;
			productName = ToDoListUITests;
			productReference = F62241B52C616EA7001A4441 /* ToDoListUITests.xctest */;
			productType = "com.apple.product-type.bundle.ui-testing";
		};
/* End PBXNativeTarget section */

/* Begin PBXProject section */
		F62241932C616EA6001A4441 /* Project object */ = {
			isa = PBXProject;
			attributes = {
				BuildIndependentTargetsInParallel = 1;
				LastSwiftUpdateCheck = 1540;
				LastUpgradeCheck = 1540;
				TargetAttributes = {
					F622419A2C616EA6001A4441 = {
						CreatedOnToolsVersion = 15.4;
					};
					F62241AA2C616EA7001A4441 = {
						CreatedOnToolsVersion = 15.4;
						TestTargetID = F622419A2C616EA6001A4441;
					};
					F62241B42C616EA7001A4441 = {
						CreatedOnToolsVersion = 15.4;
						TestTargetID = F622419A2C616EA6001A4441;
					};
				};
			};
			buildConfigurationList = F62241962C616EA6001A4441 /* Build configuration list for PBXProject "ToDoList" */;
			compatibilityVersion = "Xcode 14.0";
			developmentRegion = en;
			hasScannedForEncodings = 0;
			knownRegions = (
				en,
				Base,
			);
			mainGroup = F62241922C616EA6001A4441;
			packageReferences = (
				F6232CD92C62BCE200C1F60D /* XCRemoteSwiftPackageReference "firebase-ios-sdk" */,
			);
			productRefGroup = F622419C2C616EA6001A4441 /* Products */;
			projectDirPath = "";
			projectRoot = "";
			targets = (
				F622419A2C616EA6001A4441 /* ToDoList */,
				F62241AA2C616EA7001A4441 /* ToDoListTests */,
				F62241B42C616EA7001A4441 /* ToDoListUITests */,
			);
		};
/* End PBXProject section */

/* Begin PBXResourcesBuildPhase section */
		F62241992C616EA6001A4441 /* Resources */ = {
			isa = PBXResourcesBuildPhase;
			buildActionMask = 2147483647;
			files = (
				F62241A62C616EA7001A4441 /* Preview Assets.xcassets in Resources */,
				F62241A32C616EA7001A4441 /* Assets.xcassets in Resources */,
				F6232CD82C62BBF000C1F60D /* GoogleService-Info.plist in Resources */,
			);
			runOnlyForDeploymentPostprocessing = 0;
		};
		F62241A92C616EA7001A4441 /* Resources */ = {
			isa = PBXResourcesBuildPhase;
			buildActionMask = 2147483647;
			files = (
			);
			runOnlyForDeploymentPostprocessing = 0;
		};
		F62241B32C616EA7001A4441 /* Resources */ = {
			isa = PBXResourcesBuildPhase;
			buildActionMask = 2147483647;
			files = (
			);
			runOnlyForDeploymentPostprocessing = 0;
		};
/* End PBXResourcesBuildPhase section */

/* Begin PBXSourcesBuildPhase section */
		F62241972C616EA6001A4441 /* Sources */ = {
			isa = PBXSourcesBuildPhase;
			buildActionMask = 2147483647;
			files = (
				F6232CE12C64384900C1F60D /* ItemsManager.swift in Sources */,
				F62241D92C61E69D001A4441 /* NewItemView.swift in Sources */,
				F62241D12C617B20001A4441 /* Item.swift in Sources */,
				F62241CF2C617867001A4441 /* ListView.swift in Sources */,
				F62241D72C61D49B001A4441 /* NavPath.swift in Sources */,
				F6EC3B6C2C61ED07001162B1 /* StatusMenu.swift in Sources */,
				F6232CD62C62B9B800C1F60D /* LoginManager.swift in Sources */,
				F6EC3B722C61F4B6001162B1 /* CTAButton.swift in Sources */,
				F6D5CBA42C6297B800F363AD /* TogglePromptView.swift in Sources */,
				F6EC3B6A2C61E95B001162B1 /* ListVM.swift in Sources */,
				F62241D52C61992A001A4441 /* Extensions.swift in Sources */,
				F6232CD42C62A1A300C1F60D /* LoginVM.swift in Sources */,
				F6D5CBA82C629ADD00F363AD /* KeyboardView.swift in Sources */,
				F62241CD2C6174DF001A4441 /* HomeView.swift in Sources */,
				F62241D32C619170001A4441 /* ListItemView.swift in Sources */,
				F6D5CB9C2C6284DC00F363AD /* LoginFields.swift in Sources */,
				F6D5CB9E2C62858B00F363AD /* EmailTextField.swift in Sources */,
				F62241A12C616EA6001A4441 /* ContentView.swift in Sources */,
				F6D5CBA02C62886400F363AD /* PasswordField.swift in Sources */,
				F6EC3B702C61F1A3001162B1 /* PriorityMenu.swift in Sources */,
				F6EC3B6E2C61ED77001162B1 /* TitledTextField.swift in Sources */,
				F6D5CBA22C628D2A00F363AD /* LoginButton.swift in Sources */,
				F62241DB2C61E6F6001A4441 /* ItemDetailsView.swift in Sources */,
				F6D5CBA62C629A6500F363AD /* SignUpFields.swift in Sources */,
				F6D5CB9A2C62818300F363AD /* LoginTitleView.swift in Sources */,
				F6EC3B762C627EF5001162B1 /* LoginView.swift in Sources */,
				F622419F2C616EA6001A4441 /* ToDoListApp.swift in Sources */,
			);
			runOnlyForDeploymentPostprocessing = 0;
		};
		F62241A72C616EA7001A4441 /* Sources */ = {
			isa = PBXSourcesBuildPhase;
			buildActionMask = 2147483647;
			files = (
				F62241B02C616EA7001A4441 /* ToDoListTests.swift in Sources */,
			);
			runOnlyForDeploymentPostprocessing = 0;
		};
		F62241B12C616EA7001A4441 /* Sources */ = {
			isa = PBXSourcesBuildPhase;
			buildActionMask = 2147483647;
			files = (
				F62241BC2C616EA7001A4441 /* ToDoListUITestsLaunchTests.swift in Sources */,
				F62241BA2C616EA7001A4441 /* ToDoListUITests.swift in Sources */,
			);
			runOnlyForDeploymentPostprocessing = 0;
		};
/* End PBXSourcesBuildPhase section */

/* Begin PBXTargetDependency section */
		F62241AD2C616EA7001A4441 /* PBXTargetDependency */ = {
			isa = PBXTargetDependency;
			target = F622419A2C616EA6001A4441 /* ToDoList */;
			targetProxy = F62241AC2C616EA7001A4441 /* PBXContainerItemProxy */;
		};
		F62241B72C616EA7001A4441 /* PBXTargetDependency */ = {
			isa = PBXTargetDependency;
			target = F622419A2C616EA6001A4441 /* ToDoList */;
			targetProxy = F62241B62C616EA7001A4441 /* PBXContainerItemProxy */;
		};
/* End PBXTargetDependency section */

/* Begin XCBuildConfiguration section */
		F62241BD2C616EA7001A4441 /* Debug */ = {
			isa = XCBuildConfiguration;
			buildSettings = {
				ALWAYS_SEARCH_USER_PATHS = NO;
				ASSETCATALOG_COMPILER_GENERATE_SWIFT_ASSET_SYMBOL_EXTENSIONS = YES;
				CLANG_ANALYZER_NONNULL = YES;
				CLANG_ANALYZER_NUMBER_OBJECT_CONVERSION = YES_AGGRESSIVE;
				CLANG_CXX_LANGUAGE_STANDARD = "gnu++20";
				CLANG_ENABLE_MODULES = YES;
				CLANG_ENABLE_OBJC_ARC = YES;
				CLANG_ENABLE_OBJC_WEAK = YES;
				CLANG_WARN_BLOCK_CAPTURE_AUTORELEASING = YES;
				CLANG_WARN_BOOL_CONVERSION = YES;
				CLANG_WARN_COMMA = YES;
				CLANG_WARN_CONSTANT_CONVERSION = YES;
				CLANG_WARN_DEPRECATED_OBJC_IMPLEMENTATIONS = YES;
				CLANG_WARN_DIRECT_OBJC_ISA_USAGE = YES_ERROR;
				CLANG_WARN_DOCUMENTATION_COMMENTS = YES;
				CLANG_WARN_EMPTY_BODY = YES;
				CLANG_WARN_ENUM_CONVERSION = YES;
				CLANG_WARN_INFINITE_RECURSION = YES;
				CLANG_WARN_INT_CONVERSION = YES;
				CLANG_WARN_NON_LITERAL_NULL_CONVERSION = YES;
				CLANG_WARN_OBJC_IMPLICIT_RETAIN_SELF = YES;
				CLANG_WARN_OBJC_LITERAL_CONVERSION = YES;
				CLANG_WARN_OBJC_ROOT_CLASS = YES_ERROR;
				CLANG_WARN_QUOTED_INCLUDE_IN_FRAMEWORK_HEADER = YES;
				CLANG_WARN_RANGE_LOOP_ANALYSIS = YES;
				CLANG_WARN_STRICT_PROTOTYPES = YES;
				CLANG_WARN_SUSPICIOUS_MOVE = YES;
				CLANG_WARN_UNGUARDED_AVAILABILITY = YES_AGGRESSIVE;
				CLANG_WARN_UNREACHABLE_CODE = YES;
				CLANG_WARN__DUPLICATE_METHOD_MATCH = YES;
				COPY_PHASE_STRIP = NO;
				DEBUG_INFORMATION_FORMAT = dwarf;
				ENABLE_STRICT_OBJC_MSGSEND = YES;
				ENABLE_TESTABILITY = YES;
				ENABLE_USER_SCRIPT_SANDBOXING = YES;
				GCC_C_LANGUAGE_STANDARD = gnu17;
				GCC_DYNAMIC_NO_PIC = NO;
				GCC_NO_COMMON_BLOCKS = YES;
				GCC_OPTIMIZATION_LEVEL = 0;
				GCC_PREPROCESSOR_DEFINITIONS = (
					"DEBUG=1",
					"$(inherited)",
				);
				GCC_WARN_64_TO_32_BIT_CONVERSION = YES;
				GCC_WARN_ABOUT_RETURN_TYPE = YES_ERROR;
				GCC_WARN_UNDECLARED_SELECTOR = YES;
				GCC_WARN_UNINITIALIZED_AUTOS = YES_AGGRESSIVE;
				GCC_WARN_UNUSED_FUNCTION = YES;
				GCC_WARN_UNUSED_VARIABLE = YES;
				IPHONEOS_DEPLOYMENT_TARGET = 17.5;
				LOCALIZATION_PREFERS_STRING_CATALOGS = YES;
				MTL_ENABLE_DEBUG_INFO = INCLUDE_SOURCE;
				MTL_FAST_MATH = YES;
				ONLY_ACTIVE_ARCH = YES;
				SDKROOT = iphoneos;
				SWIFT_ACTIVE_COMPILATION_CONDITIONS = "DEBUG $(inherited)";
				SWIFT_OPTIMIZATION_LEVEL = "-Onone";
			};
			name = Debug;
		};
		F62241BE2C616EA7001A4441 /* Release */ = {
			isa = XCBuildConfiguration;
			buildSettings = {
				ALWAYS_SEARCH_USER_PATHS = NO;
				ASSETCATALOG_COMPILER_GENERATE_SWIFT_ASSET_SYMBOL_EXTENSIONS = YES;
				CLANG_ANALYZER_NONNULL = YES;
				CLANG_ANALYZER_NUMBER_OBJECT_CONVERSION = YES_AGGRESSIVE;
				CLANG_CXX_LANGUAGE_STANDARD = "gnu++20";
				CLANG_ENABLE_MODULES = YES;
				CLANG_ENABLE_OBJC_ARC = YES;
				CLANG_ENABLE_OBJC_WEAK = YES;
				CLANG_WARN_BLOCK_CAPTURE_AUTORELEASING = YES;
				CLANG_WARN_BOOL_CONVERSION = YES;
				CLANG_WARN_COMMA = YES;
				CLANG_WARN_CONSTANT_CONVERSION = YES;
				CLANG_WARN_DEPRECATED_OBJC_IMPLEMENTATIONS = YES;
				CLANG_WARN_DIRECT_OBJC_ISA_USAGE = YES_ERROR;
				CLANG_WARN_DOCUMENTATION_COMMENTS = YES;
				CLANG_WARN_EMPTY_BODY = YES;
				CLANG_WARN_ENUM_CONVERSION = YES;
				CLANG_WARN_INFINITE_RECURSION = YES;
				CLANG_WARN_INT_CONVERSION = YES;
				CLANG_WARN_NON_LITERAL_NULL_CONVERSION = YES;
				CLANG_WARN_OBJC_IMPLICIT_RETAIN_SELF = YES;
				CLANG_WARN_OBJC_LITERAL_CONVERSION = YES;
				CLANG_WARN_OBJC_ROOT_CLASS = YES_ERROR;
				CLANG_WARN_QUOTED_INCLUDE_IN_FRAMEWORK_HEADER = YES;
				CLANG_WARN_RANGE_LOOP_ANALYSIS = YES;
				CLANG_WARN_STRICT_PROTOTYPES = YES;
				CLANG_WARN_SUSPICIOUS_MOVE = YES;
				CLANG_WARN_UNGUARDED_AVAILABILITY = YES_AGGRESSIVE;
				CLANG_WARN_UNREACHABLE_CODE = YES;
				CLANG_WARN__DUPLICATE_METHOD_MATCH = YES;
				COPY_PHASE_STRIP = NO;
				DEBUG_INFORMATION_FORMAT = "dwarf-with-dsym";
				ENABLE_NS_ASSERTIONS = NO;
				ENABLE_STRICT_OBJC_MSGSEND = YES;
				ENABLE_USER_SCRIPT_SANDBOXING = YES;
				GCC_C_LANGUAGE_STANDARD = gnu17;
				GCC_NO_COMMON_BLOCKS = YES;
				GCC_WARN_64_TO_32_BIT_CONVERSION = YES;
				GCC_WARN_ABOUT_RETURN_TYPE = YES_ERROR;
				GCC_WARN_UNDECLARED_SELECTOR = YES;
				GCC_WARN_UNINITIALIZED_AUTOS = YES_AGGRESSIVE;
				GCC_WARN_UNUSED_FUNCTION = YES;
				GCC_WARN_UNUSED_VARIABLE = YES;
				IPHONEOS_DEPLOYMENT_TARGET = 17.5;
				LOCALIZATION_PREFERS_STRING_CATALOGS = YES;
				MTL_ENABLE_DEBUG_INFO = NO;
				MTL_FAST_MATH = YES;
				SDKROOT = iphoneos;
				SWIFT_COMPILATION_MODE = wholemodule;
				VALIDATE_PRODUCT = YES;
			};
			name = Release;
		};
		F62241C02C616EA7001A4441 /* Debug */ = {
			isa = XCBuildConfiguration;
			buildSettings = {
				ASSETCATALOG_COMPILER_APPICON_NAME = AppIcon;
				ASSETCATALOG_COMPILER_GLOBAL_ACCENT_COLOR_NAME = AccentColor;
				CODE_SIGN_STYLE = Automatic;
				CURRENT_PROJECT_VERSION = 1;
				DEVELOPMENT_ASSET_PATHS = "\"ToDoList/Preview Content\"";
				DEVELOPMENT_TEAM = 47V2Q8N9K4;
				ENABLE_PREVIEWS = YES;
				GENERATE_INFOPLIST_FILE = YES;
				INFOPLIST_KEY_UIApplicationSceneManifest_Generation = YES;
				INFOPLIST_KEY_UIApplicationSupportsIndirectInputEvents = YES;
				INFOPLIST_KEY_UILaunchScreen_Generation = YES;
				INFOPLIST_KEY_UISupportedInterfaceOrientations_iPad = "UIInterfaceOrientationPortrait UIInterfaceOrientationPortraitUpsideDown UIInterfaceOrientationLandscapeLeft UIInterfaceOrientationLandscapeRight";
				INFOPLIST_KEY_UISupportedInterfaceOrientations_iPhone = "UIInterfaceOrientationPortrait UIInterfaceOrientationLandscapeLeft UIInterfaceOrientationLandscapeRight";
				LD_RUNPATH_SEARCH_PATHS = (
					"$(inherited)",
					"@executable_path/Frameworks",
				);
				MARKETING_VERSION = 1.0;
				PRODUCT_BUNDLE_IDENTIFIER = com.kim.test.ToDoList;
				PRODUCT_NAME = "$(TARGET_NAME)";
				SWIFT_EMIT_LOC_STRINGS = YES;
				SWIFT_VERSION = 5.0;
				TARGETED_DEVICE_FAMILY = "1,2";
			};
			name = Debug;
		};
		F62241C12C616EA7001A4441 /* Release */ = {
			isa = XCBuildConfiguration;
			buildSettings = {
				ASSETCATALOG_COMPILER_APPICON_NAME = AppIcon;
				ASSETCATALOG_COMPILER_GLOBAL_ACCENT_COLOR_NAME = AccentColor;
				CODE_SIGN_STYLE = Automatic;
				CURRENT_PROJECT_VERSION = 1;
				DEVELOPMENT_ASSET_PATHS = "\"ToDoList/Preview Content\"";
				DEVELOPMENT_TEAM = 47V2Q8N9K4;
				ENABLE_PREVIEWS = YES;
				GENERATE_INFOPLIST_FILE = YES;
				INFOPLIST_KEY_UIApplicationSceneManifest_Generation = YES;
				INFOPLIST_KEY_UIApplicationSupportsIndirectInputEvents = YES;
				INFOPLIST_KEY_UILaunchScreen_Generation = YES;
				INFOPLIST_KEY_UISupportedInterfaceOrientations_iPad = "UIInterfaceOrientationPortrait UIInterfaceOrientationPortraitUpsideDown UIInterfaceOrientationLandscapeLeft UIInterfaceOrientationLandscapeRight";
				INFOPLIST_KEY_UISupportedInterfaceOrientations_iPhone = "UIInterfaceOrientationPortrait UIInterfaceOrientationLandscapeLeft UIInterfaceOrientationLandscapeRight";
				LD_RUNPATH_SEARCH_PATHS = (
					"$(inherited)",
					"@executable_path/Frameworks",
				);
				MARKETING_VERSION = 1.0;
				PRODUCT_BUNDLE_IDENTIFIER = com.kim.test.ToDoList;
				PRODUCT_NAME = "$(TARGET_NAME)";
				SWIFT_EMIT_LOC_STRINGS = YES;
				SWIFT_VERSION = 5.0;
				TARGETED_DEVICE_FAMILY = "1,2";
			};
			name = Release;
		};
		F62241C32C616EA7001A4441 /* Debug */ = {
			isa = XCBuildConfiguration;
			buildSettings = {
				ALWAYS_EMBED_SWIFT_STANDARD_LIBRARIES = YES;
				BUNDLE_LOADER = "$(TEST_HOST)";
				CODE_SIGN_STYLE = Automatic;
				CURRENT_PROJECT_VERSION = 1;
				DEVELOPMENT_TEAM = 47V2Q8N9K4;
				GENERATE_INFOPLIST_FILE = YES;
				IPHONEOS_DEPLOYMENT_TARGET = 17.5;
				MARKETING_VERSION = 1.0;
				PRODUCT_BUNDLE_IDENTIFIER = com.kim.test.ToDoListTests;
				PRODUCT_NAME = "$(TARGET_NAME)";
				SWIFT_EMIT_LOC_STRINGS = NO;
				SWIFT_VERSION = 5.0;
				TARGETED_DEVICE_FAMILY = "1,2";
				TEST_HOST = "$(BUILT_PRODUCTS_DIR)/ToDoList.app/$(BUNDLE_EXECUTABLE_FOLDER_PATH)/ToDoList";
			};
			name = Debug;
		};
		F62241C42C616EA7001A4441 /* Release */ = {
			isa = XCBuildConfiguration;
			buildSettings = {
				ALWAYS_EMBED_SWIFT_STANDARD_LIBRARIES = YES;
				BUNDLE_LOADER = "$(TEST_HOST)";
				CODE_SIGN_STYLE = Automatic;
				CURRENT_PROJECT_VERSION = 1;
				DEVELOPMENT_TEAM = 47V2Q8N9K4;
				GENERATE_INFOPLIST_FILE = YES;
				IPHONEOS_DEPLOYMENT_TARGET = 17.5;
				MARKETING_VERSION = 1.0;
				PRODUCT_BUNDLE_IDENTIFIER = com.kim.test.ToDoListTests;
				PRODUCT_NAME = "$(TARGET_NAME)";
				SWIFT_EMIT_LOC_STRINGS = NO;
				SWIFT_VERSION = 5.0;
				TARGETED_DEVICE_FAMILY = "1,2";
				TEST_HOST = "$(BUILT_PRODUCTS_DIR)/ToDoList.app/$(BUNDLE_EXECUTABLE_FOLDER_PATH)/ToDoList";
			};
			name = Release;
		};
		F62241C62C616EA7001A4441 /* Debug */ = {
			isa = XCBuildConfiguration;
			buildSettings = {
				ALWAYS_EMBED_SWIFT_STANDARD_LIBRARIES = YES;
				CODE_SIGN_STYLE = Automatic;
				CURRENT_PROJECT_VERSION = 1;
				DEVELOPMENT_TEAM = 47V2Q8N9K4;
				GENERATE_INFOPLIST_FILE = YES;
				MARKETING_VERSION = 1.0;
				PRODUCT_BUNDLE_IDENTIFIER = com.kim.test.ToDoListUITests;
				PRODUCT_NAME = "$(TARGET_NAME)";
				SWIFT_EMIT_LOC_STRINGS = NO;
				SWIFT_VERSION = 5.0;
				TARGETED_DEVICE_FAMILY = "1,2";
				TEST_TARGET_NAME = ToDoList;
			};
			name = Debug;
		};
		F62241C72C616EA7001A4441 /* Release */ = {
			isa = XCBuildConfiguration;
			buildSettings = {
				ALWAYS_EMBED_SWIFT_STANDARD_LIBRARIES = YES;
				CODE_SIGN_STYLE = Automatic;
				CURRENT_PROJECT_VERSION = 1;
				DEVELOPMENT_TEAM = 47V2Q8N9K4;
				GENERATE_INFOPLIST_FILE = YES;
				MARKETING_VERSION = 1.0;
				PRODUCT_BUNDLE_IDENTIFIER = com.kim.test.ToDoListUITests;
				PRODUCT_NAME = "$(TARGET_NAME)";
				SWIFT_EMIT_LOC_STRINGS = NO;
				SWIFT_VERSION = 5.0;
				TARGETED_DEVICE_FAMILY = "1,2";
				TEST_TARGET_NAME = ToDoList;
			};
			name = Release;
		};
/* End XCBuildConfiguration section */

/* Begin XCConfigurationList section */
		F62241962C616EA6001A4441 /* Build configuration list for PBXProject "ToDoList" */ = {
			isa = XCConfigurationList;
			buildConfigurations = (
				F62241BD2C616EA7001A4441 /* Debug */,
				F62241BE2C616EA7001A4441 /* Release */,
			);
			defaultConfigurationIsVisible = 0;
			defaultConfigurationName = Release;
		};
		F62241BF2C616EA7001A4441 /* Build configuration list for PBXNativeTarget "ToDoList" */ = {
			isa = XCConfigurationList;
			buildConfigurations = (
				F62241C02C616EA7001A4441 /* Debug */,
				F62241C12C616EA7001A4441 /* Release */,
			);
			defaultConfigurationIsVisible = 0;
			defaultConfigurationName = Release;
		};
		F62241C22C616EA7001A4441 /* Build configuration list for PBXNativeTarget "ToDoListTests" */ = {
			isa = XCConfigurationList;
			buildConfigurations = (
				F62241C32C616EA7001A4441 /* Debug */,
				F62241C42C616EA7001A4441 /* Release */,
			);
			defaultConfigurationIsVisible = 0;
			defaultConfigurationName = Release;
		};
		F62241C52C616EA7001A4441 /* Build configuration list for PBXNativeTarget "ToDoListUITests" */ = {
			isa = XCConfigurationList;
			buildConfigurations = (
				F62241C62C616EA7001A4441 /* Debug */,
				F62241C72C616EA7001A4441 /* Release */,
			);
			defaultConfigurationIsVisible = 0;
			defaultConfigurationName = Release;
		};
/* End XCConfigurationList section */

/* Begin XCRemoteSwiftPackageReference section */
		F6232CD92C62BCE200C1F60D /* XCRemoteSwiftPackageReference "firebase-ios-sdk" */ = {
			isa = XCRemoteSwiftPackageReference;
			repositoryURL = "https://github.com/firebase/firebase-ios-sdk";
			requirement = {
				kind = upToNextMajorVersion;
				minimumVersion = 11.0.0;
			};
		};
/* End XCRemoteSwiftPackageReference section */

/* Begin XCSwiftPackageProductDependency section */
		F6232CDA2C62BCE200C1F60D /* FirebaseAuth */ = {
			isa = XCSwiftPackageProductDependency;
			package = F6232CD92C62BCE200C1F60D /* XCRemoteSwiftPackageReference "firebase-ios-sdk" */;
			productName = FirebaseAuth;
		};
		F6232CDC2C62BCE200C1F60D /* FirebaseFirestore */ = {
			isa = XCSwiftPackageProductDependency;
			package = F6232CD92C62BCE200C1F60D /* XCRemoteSwiftPackageReference "firebase-ios-sdk" */;
			productName = FirebaseFirestore;
		};
/* End XCSwiftPackageProductDependency section */
	};
	rootObject = F62241932C616EA6001A4441 /* Project object */;
}
